
Microsoft Visual Studio Solution File, Format Version 12.00
# Visual Studio Version 16
VisualStudioVersion = 16.0.30804.86
MinimumVisualStudioVersion = 10.0.40219.1
Project("{FAE04EC0-301F-11D3-BF4B-00C04F79EFBC}") = "WebAppDapper", "WebAppDapper.csproj", "{FAB138FA-D184-4379-AA63-517752F170D2}"
EndProject
Global
	GlobalSection(SolutionConfigurationPlatforms) = preSolution
		Debug|Any CPU = Debug|Any CPU
		Release|Any CPU = Release|Any CPU
	EndGlobalSection
	GlobalSection(ProjectConfigurationPlatforms) = postSolution
		{FAB138FA-D184-4379-AA63-517752F170D2}.Debug|Any CPU.ActiveCfg = Debug|Any CPU
		{FAB138FA-D184-4379-AA63-517752F170D2}.Debug|Any CPU.Build.0 = Debug|Any CPU
		{FAB138FA-D184-4379-AA63-517752F170D2}.Release|Any CPU.ActiveCfg = Release|Any CPU
		{FAB138FA-D184-4379-AA63-517752F170D2}.Release|Any CPU.Build.0 = Release|Any CPU
	EndGlobalSection
	GlobalSection(SolutionProperties) = preSolution
		HideSolutionNode = FALSE
	EndGlobalSection
	GlobalSection(ExtensibilityGlobals) = postSolution
		SolutionGuid = {EB7FAEB9-F64A-416A-B4C6-8089BBDDE2C2}
	EndGlobalSection
EndGlobal
